
Microsoft Visual Studio Solution File, Format Version 12.00
# Visual Studio Version 16
VisualStudioVersion = 16.0.29215.179
MinimumVisualStudioVersion = 10.0.40219.1
Project("{FAE04EC0-301F-11D3-BF4B-00C04F79EFBC}") = "DesignPatterns", "DesignPatterns\DesignPatterns.csproj", "{042D0A93-C907-46D6-AC99-0DA227B7D927}"
EndProject
Global
	GlobalSection(SolutionConfigurationPlatforms) = preSolution
		Debug|Any CPU = Debug|Any CPU
		Release|Any CPU = Release|Any CPU
	EndGlobalSection
	GlobalSection(ProjectConfigurationPlatforms) = postSolution
		{042D0A93-C907-46D6-AC99-0DA227B7D927}.Debug|Any CPU.ActiveCfg = Debug|Any CPU
		{042D0A93-C907-46D6-AC99-0DA227B7D927}.Debug|Any CPU.Build.0 = Debug|Any CPU
		{042D0A93-C907-46D6-AC99-0DA227B7D927}.Release|Any CPU.ActiveCfg = Release|Any CPU
		{042D0A93-C907-46D6-AC99-0DA227B7D927}.Release|Any CPU.Build.0 = Release|Any CPU
	EndGlobalSection
	GlobalSection(SolutionProperties) = preSolution
		HideSolutionNode = FALSE
	EndGlobalSection
	GlobalSection(ExtensibilityGlobals) = postSolution
		SolutionGuid = {80FE9B8B-6641-4AC5-9567-48EB36C44DC3}
	EndGlobalSection
EndGlobal
